// !$*UTF8*$!
{
	archiveVersion = 1;
	classes = {
	};
	objectVersion = 46;
	objects = {

/* Begin PBXBuildFile section */
		73FBE0741F7343D3006699C2 /* main.m in Sources */ = {isa = PBXBuildFile; fileRef = 73FBE0731F7343D3006699C2 /* main.m */; };
		73FBE07E1F7343FF006699C2 /* DSortServerManager.m in Sources */ = {isa = PBXBuildFile; fileRef = 73FBE07B1F7343FF006699C2 /* DSortServerManager.m */; };
		73FBE07F1F7343FF006699C2 /* MergeHelper.m in Sources */ = {isa = PBXBuildFile; fileRef = 73FBE07D1F7343FF006699C2 /* MergeHelper.m */; };
		73FBE0A81F735F3F006699C2 /* AFHTTPSessionManager.m in Sources */ = {isa = PBXBuildFile; fileRef = 73FBE09C1F735F3F006699C2 /* AFHTTPSessionManager.m */; };
		73FBE0A91F735F3F006699C2 /* AFNetworkReachabilityManager.m in Sources */ = {isa = PBXBuildFile; fileRef = 73FBE09F1F735F3F006699C2 /* AFNetworkReachabilityManager.m */; };
		73FBE0AA1F735F3F006699C2 /* AFSecurityPolicy.m in Sources */ = {isa = PBXBuildFile; fileRef = 73FBE0A11F735F3F006699C2 /* AFSecurityPolicy.m */; };
		73FBE0AB1F735F3F006699C2 /* AFURLRequestSerialization.m in Sources */ = {isa = PBXBuildFile; fileRef = 73FBE0A31F735F3F006699C2 /* AFURLRequestSerialization.m */; };
		73FBE0AC1F735F3F006699C2 /* AFURLResponseSerialization.m in Sources */ = {isa = PBXBuildFile; fileRef = 73FBE0A51F735F3F006699C2 /* AFURLResponseSerialization.m */; };
		73FBE0AD1F735F3F006699C2 /* AFURLSessionManager.m in Sources */ = {isa = PBXBuildFile; fileRef = 73FBE0A71F735F3F006699C2 /* AFURLSessionManager.m */; };
/* End PBXBuildFile section */

/* Begin PBXCopyFilesBuildPhase section */
		73FBE06E1F7343D3006699C2 /* CopyFiles */ = {
			isa = PBXCopyFilesBuildPhase;
			buildActionMask = 2147483647;
			dstPath = /usr/share/man/man1/;
			dstSubfolderSpec = 0;
			files = (
			);
			runOnlyForDeploymentPostprocessing = 1;
		};
/* End PBXCopyFilesBuildPhase section */

/* Begin PBXFileReference section */
		73FBE0701F7343D3006699C2 /* DSortClient */ = {isa = PBXFileReference; explicitFileType = "compiled.mach-o.executable"; includeInIndex = 0; path = DSortClient; sourceTree = BUILT_PRODUCTS_DIR; };
		73FBE0731F7343D3006699C2 /* main.m */ = {isa = PBXFileReference; lastKnownFileType = sourcecode.c.objc; path = main.m; sourceTree = "<group>"; };
		73FBE07A1F7343FF006699C2 /* DSortServerManager.h */ = {isa = PBXFileReference; fileEncoding = 4; lastKnownFileType = sourcecode.c.h; path = DSortServerManager.h; sourceTree = "<group>"; };
		73FBE07B1F7343FF006699C2 /* DSortServerManager.m */ = {isa = PBXFileReference; fileEncoding = 4; lastKnownFileType = sourcecode.c.objc; path = DSortServerManager.m; sourceTree = "<group>"; };
		73FBE07C1F7343FF006699C2 /* MergeHelper.h */ = {isa = PBXFileReference; fileEncoding = 4; lastKnownFileType = sourcecode.c.h; path = MergeHelper.h; sourceTree = "<group>"; };
		73FBE07D1F7343FF006699C2 /* MergeHelper.m */ = {isa = PBXFileReference; fileEncoding = 4; lastKnownFileType = sourcecode.c.objc; path = MergeHelper.m; sourceTree = "<group>"; };
		73FBE09B1F735F3F006699C2 /* AFHTTPSessionManager.h */ = {isa = PBXFileReference; fileEncoding = 4; lastKnownFileType = sourcecode.c.h; path = AFHTTPSessionManager.h; sourceTree = "<group>"; };
		73FBE09C1F735F3F006699C2 /* AFHTTPSessionManager.m */ = {isa = PBXFileReference; fileEncoding = 4; lastKnownFileType = sourcecode.c.objc; path = AFHTTPSessionManager.m; sourceTree = "<group>"; };
		73FBE09D1F735F3F006699C2 /* AFNetworking.h */ = {isa = PBXFileReference; fileEncoding = 4; lastKnownFileType = sourcecode.c.h; path = AFNetworking.h; sourceTree = "<group>"; };
		73FBE09E1F735F3F006699C2 /* AFNetworkReachabilityManager.h */ = {isa = PBXFileReference; fileEncoding = 4; lastKnownFileType = sourcecode.c.h; path = AFNetworkReachabilityManager.h; sourceTree = "<group>"; };
		73FBE09F1F735F3F006699C2 /* AFNetworkReachabilityManager.m */ = {isa = PBXFileReference; fileEncoding = 4; lastKnownFileType = sourcecode.c.objc; path = AFNetworkReachabilityManager.m; sourceTree = "<group>"; };
		73FBE0A01F735F3F006699C2 /* AFSecurityPolicy.h */ = {isa = PBXFileReference; fileEncoding = 4; lastKnownFileType = sourcecode.c.h; path = AFSecurityPolicy.h; sourceTree = "<group>"; };
		73FBE0A11F735F3F006699C2 /* AFSecurityPolicy.m */ = {isa = PBXFileReference; fileEncoding = 4; lastKnownFileType = sourcecode.c.objc; path = AFSecurityPolicy.m; sourceTree = "<group>"; };
		73FBE0A21F735F3F006699C2 /* AFURLRequestSerialization.h */ = {isa = PBXFileReference; fileEncoding = 4; lastKnownFileType = sourcecode.c.h; path = AFURLRequestSerialization.h; sourceTree = "<group>"; };
		73FBE0A31F735F3F006699C2 /* AFURLRequestSerialization.m */ = {isa = PBXFileReference; fileEncoding = 4; lastKnownFileType = sourcecode.c.objc; path = AFURLRequestSerialization.m; sourceTree = "<group>"; };
		73FBE0A41F735F3F006699C2 /* AFURLResponseSerialization.h */ = {isa = PBXFileReference; fileEncoding = 4; lastKnownFileType = sourcecode.c.h; path = AFURLResponseSerialization.h; sourceTree = "<group>"; };
		73FBE0A51F735F3F006699C2 /* AFURLResponseSerialization.m */ = {isa = PBXFileReference; fileEncoding = 4; lastKnownFileType = sourcecode.c.objc; path = AFURLResponseSerialization.m; sourceTree = "<group>"; };
		73FBE0A61F735F3F006699C2 /* AFURLSessionManager.h */ = {isa = PBXFileReference; fileEncoding = 4; lastKnownFileType = sourcecode.c.h; path = AFURLSessionManager.h; sourceTree = "<group>"; };
		73FBE0A71F735F3F006699C2 /* AFURLSessionManager.m */ = {isa = PBXFileReference; fileEncoding = 4; lastKnownFileType = sourcecode.c.objc; path = AFURLSessionManager.m; sourceTree = "<group>"; };
/* End PBXFileReference section */

/* Begin PBXFrameworksBuildPhase section */
		73FBE06D1F7343D3006699C2 /* Frameworks */ = {
			isa = PBXFrameworksBuildPhase;
			buildActionMask = 2147483647;
			files = (
			);
			runOnlyForDeploymentPostprocessing = 0;
		};
/* End PBXFrameworksBuildPhase section */

/* Begin PBXGroup section */
		73FBE0671F7343D3006699C2 = {
			isa = PBXGroup;
			children = (
				73FBE0721F7343D3006699C2 /* DSortClient */,
				73FBE0711F7343D3006699C2 /* Products */,
			);
			sourceTree = "<group>";
		};
		73FBE0711F7343D3006699C2 /* Products */ = {
			isa = PBXGroup;
			children = (
				73FBE0701F7343D3006699C2 /* DSortClient */,
			);
			name = Products;
			sourceTree = "<group>";
		};
		73FBE0721F7343D3006699C2 /* DSortClient */ = {
			isa = PBXGroup;
			children = (
				73FBE0731F7343D3006699C2 /* main.m */,
				73FBE07A1F7343FF006699C2 /* DSortServerManager.h */,
				73FBE07B1F7343FF006699C2 /* DSortServerManager.m */,
				73FBE07C1F7343FF006699C2 /* MergeHelper.h */,
				73FBE07D1F7343FF006699C2 /* MergeHelper.m */,
				73FBE09A1F735F31006699C2 /* Alamofire */,
			);
			path = DSortClient;
			sourceTree = "<group>";
		};
		73FBE09A1F735F31006699C2 /* Alamofire */ = {
			isa = PBXGroup;
			children = (
				73FBE09B1F735F3F006699C2 /* AFHTTPSessionManager.h */,
				73FBE09C1F735F3F006699C2 /* AFHTTPSessionManager.m */,
				73FBE09D1F735F3F006699C2 /* AFNetworking.h */,
				73FBE09E1F735F3F006699C2 /* AFNetworkReachabilityManager.h */,
				73FBE09F1F735F3F006699C2 /* AFNetworkReachabilityManager.m */,
				73FBE0A01F735F3F006699C2 /* AFSecurityPolicy.h */,
				73FBE0A11F735F3F006699C2 /* AFSecurityPolicy.m */,
				73FBE0A21F735F3F006699C2 /* AFURLRequestSerialization.h */,
				73FBE0A31F735F3F006699C2 /* AFURLRequestSerialization.m */,
				73FBE0A41F735F3F006699C2 /* AFURLResponseSerialization.h */,
				73FBE0A51F735F3F006699C2 /* AFURLResponseSerialization.m */,
				73FBE0A61F735F3F006699C2 /* AFURLSessionManager.h */,
				73FBE0A71F735F3F006699C2 /* AFURLSessionManager.m */,
			);
			name = Alamofire;
			sourceTree = "<group>";
		};
/* End PBXGroup section */

/* Begin PBXNativeTarget section */
		73FBE06F1F7343D3006699C2 /* DSortClient */ = {
			isa = PBXNativeTarget;
			buildConfigurationList = 73FBE0771F7343D3006699C2 /* Build configuration list for PBXNativeTarget "DSortClient" */;
			buildPhases = (
				73FBE06C1F7343D3006699C2 /* Sources */,
				73FBE06D1F7343D3006699C2 /* Frameworks */,
				73FBE06E1F7343D3006699C2 /* CopyFiles */,
			);
			buildRules = (
			);
			dependencies = (
			);
			name = DSortClient;
			productName = DSortClient;
			productReference = 73FBE0701F7343D3006699C2 /* DSortClient */;
			productType = "com.apple.product-type.tool";
		};
/* End PBXNativeTarget section */

/* Begin PBXProject section */
		73FBE0681F7343D3006699C2 /* Project object */ = {
			isa = PBXProject;
			attributes = {
				LastUpgradeCheck = 0830;
				ORGANIZATIONNAME = villou;
				TargetAttributes = {
					73FBE06F1F7343D3006699C2 = {
						CreatedOnToolsVersion = 8.3.3;
						DevelopmentTeam = 9F26XL4W94;
						ProvisioningStyle = Automatic;
					};
				};
			};
			buildConfigurationList = 73FBE06B1F7343D3006699C2 /* Build configuration list for PBXProject "DSortClient" */;
			compatibilityVersion = "Xcode 3.2";
			developmentRegion = English;
			hasScannedForEncodings = 0;
			knownRegions = (
				en,
			);
			mainGroup = 73FBE0671F7343D3006699C2;
			productRefGroup = 73FBE0711F7343D3006699C2 /* Products */;
			projectDirPath = "";
			projectRoot = "";
			targets = (
				73FBE06F1F7343D3006699C2 /* DSortClient */,
			);
		};
/* End PBXProject section */

/* Begin PBXSourcesBuildPhase section */
		73FBE06C1F7343D3006699C2 /* Sources */ = {
			isa = PBXSourcesBuildPhase;
			buildActionMask = 2147483647;
			files = (
				73FBE0AD1F735F3F006699C2 /* AFURLSessionManager.m in Sources */,
				73FBE0741F7343D3006699C2 /* main.m in Sources */,
				73FBE07F1F7343FF006699C2 /* MergeHelper.m in Sources */,
				73FBE0A91F735F3F006699C2 /* AFNetworkReachabilityManager.m in Sources */,
				73FBE07E1F7343FF006699C2 /* DSortServerManager.m in Sources */,
				73FBE0AA1F735F3F006699C2 /* AFSecurityPolicy.m in Sources */,
				73FBE0AB1F735F3F006699C2 /* AFURLRequestSerialization.m in Sources */,
				73FBE0AC1F735F3F006699C2 /* AFURLResponseSerialization.m in Sources */,
				73FBE0A81F735F3F006699C2 /* AFHTTPSessionManager.m in Sources */,
			);
			runOnlyForDeploymentPostprocessing = 0;
		};
/* End PBXSourcesBuildPhase section */

/* Begin XCBuildConfiguration section */
		73FBE0751F7343D3006699C2 /* Debug */ = {
			isa = XCBuildConfiguration;
			buildSettings = {
				ALWAYS_SEARCH_USER_PATHS = NO;
				CLANG_ANALYZER_NONNULL = YES;
				CLANG_ANALYZER_NUMBER_OBJECT_CONVERSION = YES_AGGRESSIVE;
				CLANG_CXX_LANGUAGE_STANDARD = "gnu++0x";
				CLANG_CXX_LIBRARY = "libc++";
				CLANG_ENABLE_MODULES = YES;
				CLANG_ENABLE_OBJC_ARC = YES;
				CLANG_WARN_BOOL_CONVERSION = YES;
				CLANG_WARN_CONSTANT_CONVERSION = YES;
				CLANG_WARN_DIRECT_OBJC_ISA_USAGE = YES_ERROR;
				CLANG_WARN_DOCUMENTATION_COMMENTS = YES;
				CLANG_WARN_EMPTY_BODY = YES;
				CLANG_WARN_ENUM_CONVERSION = YES;
				CLANG_WARN_INFINITE_RECURSION = YES;
				CLANG_WARN_INT_CONVERSION = YES;
				CLANG_WARN_OBJC_ROOT_CLASS = YES_ERROR;
				CLANG_WARN_SUSPICIOUS_MOVE = YES;
				CLANG_WARN_UNREACHABLE_CODE = YES;
				CLANG_WARN__DUPLICATE_METHOD_MATCH = YES;
				CODE_SIGN_IDENTITY = "-";
				COPY_PHASE_STRIP = NO;
				DEBUG_INFORMATION_FORMAT = dwarf;
				ENABLE_STRICT_OBJC_MSGSEND = YES;
				ENABLE_TESTABILITY = YES;
				GCC_C_LANGUAGE_STANDARD = gnu99;
				GCC_DYNAMIC_NO_PIC = NO;
				GCC_NO_COMMON_BLOCKS = YES;
				GCC_OPTIMIZATION_LEVEL = 0;
				GCC_PREPROCESSOR_DEFINITIONS = (
					"DEBUG=1",
					"$(inherited)",
				);
				GCC_WARN_64_TO_32_BIT_CONVERSION = YES;
				GCC_WARN_ABOUT_RETURN_TYPE = YES_ERROR;
				GCC_WARN_UNDECLARED_SELECTOR = YES;
				GCC_WARN_UNINITIALIZED_AUTOS = YES_AGGRESSIVE;
				GCC_WARN_UNUSED_FUNCTION = YES;
				GCC_WARN_UNUSED_VARIABLE = YES;
				MACOSX_DEPLOYMENT_TARGET = 10.12;
				MTL_ENABLE_DEBUG_INFO = YES;
				ONLY_ACTIVE_ARCH = YES;
				SDKROOT = macosx;
			};
			name = Debug;
		};
		73FBE0761F7343D3006699C2 /* Release */ = {
			isa = XCBuildConfiguration;
			buildSettings = {
				ALWAYS_SEARCH_USER_PATHS = NO;
				CLANG_ANALYZER_NONNULL = YES;
				CLANG_ANALYZER_NUMBER_OBJECT_CONVERSION = YES_AGGRESSIVE;
				CLANG_CXX_LANGUAGE_STANDARD = "gnu++0x";
				CLANG_CXX_LIBRARY = "libc++";
				CLANG_ENABLE_MODULES = YES;
				CLANG_ENABLE_OBJC_ARC = YES;
				CLANG_WARN_BOOL_CONVERSION = YES;
				CLANG_WARN_CONSTANT_CONVERSION = YES;
				CLANG_WARN_DIRECT_OBJC_ISA_USAGE = YES_ERROR;
				CLANG_WARN_DOCUMENTATION_COMMENTS = YES;
				CLANG_WARN_EMPTY_BODY = YES;
				CLANG_WARN_ENUM_CONVERSION = YES;
				CLANG_WARN_INFINITE_RECURSION = YES;
				CLANG_WARN_INT_CONVERSION = YES;
				CLANG_WARN_OBJC_ROOT_CLASS = YES_ERROR;
				CLANG_WARN_SUSPICIOUS_MOVE = YES;
				CLANG_WARN_UNREACHABLE_CODE = YES;
				CLANG_WARN__DUPLICATE_METHOD_MATCH = YES;
				CODE_SIGN_IDENTITY = "-";
				COPY_PHASE_STRIP = NO;
				DEBUG_INFORMATION_FORMAT = "dwarf-with-dsym";
				ENABLE_NS_ASSERTIONS = NO;
				ENABLE_STRICT_OBJC_MSGSEND = YES;
				GCC_C_LANGUAGE_STANDARD = gnu99;
				GCC_NO_COMMON_BLOCKS = YES;
				GCC_WARN_64_TO_32_BIT_CONVERSION = YES;
				GCC_WARN_ABOUT_RETURN_TYPE = YES_ERROR;
				GCC_WARN_UNDECLARED_SELECTOR = YES;
				GCC_WARN_UNINITIALIZED_AUTOS = YES_AGGRESSIVE;
				GCC_WARN_UNUSED_FUNCTION = YES;
				GCC_WARN_UNUSED_VARIABLE = YES;
				MACOSX_DEPLOYMENT_TARGET = 10.12;
				MTL_ENABLE_DEBUG_INFO = NO;
				SDKROOT = macosx;
			};
			name = Release;
		};
		73FBE0781F7343D3006699C2 /* Debug */ = {
			isa = XCBuildConfiguration;
			buildSettings = {
				DEVELOPMENT_TEAM = 9F26XL4W94;
				PRODUCT_NAME = "$(TARGET_NAME)";
			};
			name = Debug;
		};
		73FBE0791F7343D3006699C2 /* Release */ = {
			isa = XCBuildConfiguration;
			buildSettings = {
				DEVELOPMENT_TEAM = 9F26XL4W94;
				PRODUCT_NAME = "$(TARGET_NAME)";
			};
			name = Release;
		};
/* End XCBuildConfiguration section */

/* Begin XCConfigurationList section */
		73FBE06B1F7343D3006699C2 /* Build configuration list for PBXProject "DSortClient" */ = {
			isa = XCConfigurationList;
			buildConfigurations = (
				73FBE0751F7343D3006699C2 /* Debug */,
				73FBE0761F7343D3006699C2 /* Release */,
			);
			defaultConfigurationIsVisible = 0;
			defaultConfigurationName = Release;
		};
		73FBE0771F7343D3006699C2 /* Build configuration list for PBXNativeTarget "DSortClient" */ = {
			isa = XCConfigurationList;
			buildConfigurations = (
				73FBE0781F7343D3006699C2 /* Debug */,
				73FBE0791F7343D3006699C2 /* Release */,
			);
			defaultConfigurationIsVisible = 0;
			defaultConfigurationName = Release;
		};
/* End XCConfigurationList section */
	};
	rootObject = 73FBE0681F7343D3006699C2 /* Project object */;
}
